
Microsoft Visual Studio Solution File, Format Version 12.00
# Visual Studio Version 16
VisualStudioVersion = 16.0.30621.155
MinimumVisualStudioVersion = 10.0.40219.1
Project("{FAE04EC0-301F-11D3-BF4B-00C04F79EFBC}") = "API", "Api\API.csproj", "{BE0E15BC-DCB2-4CD2-B454-F7CB082D88E0}"
EndProject
Project("{FAE04EC0-301F-11D3-BF4B-00C04F79EFBC}") = "Database", "Database\Database.csproj", "{C31BD2BE-C5C4-450B-B9DD-9E84FC8F9C5A}"
EndProject
Project("{FAE04EC0-301F-11D3-BF4B-00C04F79EFBC}") = "Model", "Model\Model.csproj", "{852C795D-757D-427E-9603-CDA87D60EB96}"
EndProject
Project("{FAE04EC0-301F-11D3-BF4B-00C04F79EFBC}") = "Repository", "Repository\Repository.csproj", "{8FD183B7-42DB-4981-B339-1EF1AC952EFE}"
EndProject
Project("{FAE04EC0-301F-11D3-BF4B-00C04F79EFBC}") = "Services", "Services\Services.csproj", "{9555B2A5-F1B6-4284-A427-FE515FBB3569}"
EndProject
Global
	GlobalSection(SolutionConfigurationPlatforms) = preSolution
		Debug|Any CPU = Debug|Any CPU
		Release|Any CPU = Release|Any CPU
	EndGlobalSection
	GlobalSection(ProjectConfigurationPlatforms) = postSolution
		{BE0E15BC-DCB2-4CD2-B454-F7CB082D88E0}.Debug|Any CPU.ActiveCfg = Debug|Any CPU
		{BE0E15BC-DCB2-4CD2-B454-F7CB082D88E0}.Debug|Any CPU.Build.0 = Debug|Any CPU
		{BE0E15BC-DCB2-4CD2-B454-F7CB082D88E0}.Release|Any CPU.ActiveCfg = Release|Any CPU
		{BE0E15BC-DCB2-4CD2-B454-F7CB082D88E0}.Release|Any CPU.Build.0 = Release|Any CPU
		{C31BD2BE-C5C4-450B-B9DD-9E84FC8F9C5A}.Debug|Any CPU.ActiveCfg = Debug|Any CPU
		{C31BD2BE-C5C4-450B-B9DD-9E84FC8F9C5A}.Debug|Any CPU.Build.0 = Debug|Any CPU
		{C31BD2BE-C5C4-450B-B9DD-9E84FC8F9C5A}.Release|Any CPU.ActiveCfg = Release|Any CPU
		{C31BD2BE-C5C4-450B-B9DD-9E84FC8F9C5A}.Release|Any CPU.Build.0 = Release|Any CPU
		{852C795D-757D-427E-9603-CDA87D60EB96}.Debug|Any CPU.ActiveCfg = Debug|Any CPU
		{852C795D-757D-427E-9603-CDA87D60EB96}.Debug|Any CPU.Build.0 = Debug|Any CPU
		{852C795D-757D-427E-9603-CDA87D60EB96}.Release|Any CPU.ActiveCfg = Release|Any CPU
		{852C795D-757D-427E-9603-CDA87D60EB96}.Release|Any CPU.Build.0 = Release|Any CPU
		{8FD183B7-42DB-4981-B339-1EF1AC952EFE}.Debug|Any CPU.ActiveCfg = Debug|Any CPU
		{8FD183B7-42DB-4981-B339-1EF1AC952EFE}.Debug|Any CPU.Build.0 = Debug|Any CPU
		{8FD183B7-42DB-4981-B339-1EF1AC952EFE}.Release|Any CPU.ActiveCfg = Release|Any CPU
		{8FD183B7-42DB-4981-B339-1EF1AC952EFE}.Release|Any CPU.Build.0 = Release|Any CPU
		{9555B2A5-F1B6-4284-A427-FE515FBB3569}.Debug|Any CPU.ActiveCfg = Debug|Any CPU
		{9555B2A5-F1B6-4284-A427-FE515FBB3569}.Debug|Any CPU.Build.0 = Debug|Any CPU
		{9555B2A5-F1B6-4284-A427-FE515FBB3569}.Release|Any CPU.ActiveCfg = Release|Any CPU
		{9555B2A5-F1B6-4284-A427-FE515FBB3569}.Release|Any CPU.Build.0 = Release|Any CPU
	EndGlobalSection
	GlobalSection(SolutionProperties) = preSolution
		HideSolutionNode = FALSE
	EndGlobalSection
	GlobalSection(ExtensibilityGlobals) = postSolution
		SolutionGuid = {02ACD121-DB0E-4BD2-AF6D-9FD65715DD9A}
	EndGlobalSection
EndGlobal
